
Microsoft Visual Studio Solution File, Format Version 12.00
# Visual Studio Version 16
VisualStudioVersion = 16.0.29905.134
MinimumVisualStudioVersion = 10.0.40219.1
Project("{8BC9CEB8-8B4A-11D0-8D11-00A0C91BC942}") = "ELGamal", "ELGamal.vcxproj", "{4A273D83-2623-4F12-B8C1-73EDC13833AE}"
EndProject
Global
	GlobalSection(SolutionConfigurationPlatforms) = preSolution
		Debug|x64 = Debug|x64
		Debug|x86 = Debug|x86
		Release|x64 = Release|x64
		Release|x86 = Release|x86
	EndGlobalSection
	GlobalSection(ProjectConfigurationPlatforms) = postSolution
		{4A273D83-2623-4F12-B8C1-73EDC13833AE}.Debug|x64.ActiveCfg = Debug|x64
		{4A273D83-2623-4F12-B8C1-73EDC13833AE}.Debug|x64.Build.0 = Debug|x64
		{4A273D83-2623-4F12-B8C1-73EDC13833AE}.Debug|x86.ActiveCfg = Debug|Win32
		{4A273D83-2623-4F12-B8C1-73EDC13833AE}.Debug|x86.Build.0 = Debug|Win32
		{4A273D83-2623-4F12-B8C1-73EDC13833AE}.Release|x64.ActiveCfg = Release|x64
		{4A273D83-2623-4F12-B8C1-73EDC13833AE}.Release|x64.Build.0 = Release|x64
		{4A273D83-2623-4F12-B8C1-73EDC13833AE}.Release|x86.ActiveCfg = Release|Win32
		{4A273D83-2623-4F12-B8C1-73EDC13833AE}.Release|x86.Build.0 = Release|Win32
	EndGlobalSection
	GlobalSection(SolutionProperties) = preSolution
		HideSolutionNode = FALSE
	EndGlobalSection
	GlobalSection(ExtensibilityGlobals) = postSolution
		SolutionGuid = {E9162C2B-7021-41CA-8BEE-A57234E1720B}
	EndGlobalSection
EndGlobal
